
Microsoft Visual Studio Solution File, Format Version 12.00
# Visual Studio Version 17
VisualStudioVersion = 17.0.31717.71
MinimumVisualStudioVersion = 10.0.40219.1
Project("{9A19103F-16F7-4668-BE54-9A1E7A4F7556}") = "ProxyR.Core", "src\ProxyR.Core\ProxyR.Core.csproj", "{9A6B67E2-2B73-4C39-BDE2-79D6074A41DC}"
EndProject
Project("{9A19103F-16F7-4668-BE54-9A1E7A4F7556}") = "ProxyR.Middleware", "src\ProxyR.Middleware\ProxyR.Middleware.csproj", "{8C887FFB-4789-4F71-A454-654FDF20E350}"
EndProject
Project("{9A19103F-16F7-4668-BE54-9A1E7A4F7556}") = "ProxyR.Abstractions", "src\ProxyR.Abstractions\ProxyR.Abstractions.csproj", "{D9FB167C-D2CF-495D-8B04-C626A3DD5F4D}"
EndProject
Project("{2150E333-8FDC-42A3-9474-1A3956D46DE8}") = "Tests", "Tests", "{65565833-53A7-4D07-9B9B-D0417A2BC396}"
EndProject
Project("{2150E333-8FDC-42A3-9474-1A3956D46DE8}") = "src", "src", "{82BE4DFA-989C-4B1D-AACD-6E6F725C2760}"
EndProject
Project("{9A19103F-16F7-4668-BE54-9A1E7A4F7556}") = "WebAPI", "tests\WebAPI\WebAPI.csproj", "{45C73CB3-9023-4B60-A2D8-B60877B12FAC}"
EndProject
Project("{9A19103F-16F7-4668-BE54-9A1E7A4F7556}") = "Benchmark", "tests\Benchmark\Benchmark.csproj", "{FA0ECA44-461F-4125-8594-53CA1E523B8C}"
EndProject
Project("{9A19103F-16F7-4668-BE54-9A1E7A4F7556}") = "ProxyR.OpenAPI", "src\ProxyR.OpenApi\ProxyR.OpenAPI.csproj", "{3210E88B-7BCA-4DF8-A4D4-5CA015C9C13D}"
EndProject
Project("{9A19103F-16F7-4668-BE54-9A1E7A4F7556}") = "ProxyR.Core.Tests", "tests\ProxyR.Core.Tests\ProxyR.Core.Tests.csproj", "{A36F3634-335C-42EC-A923-D6186058C4EC}"
EndProject
Project("{9A19103F-16F7-4668-BE54-9A1E7A4F7556}") = "ProxyR.Database", "tests\ProxyR.Database\ProxyR.Database.csproj", "{57087519-8691-4F19-A2BC-40FB6443F608}"
EndProject
Project("{9A19103F-16F7-4668-BE54-9A1E7A4F7556}") = "ProxyR.Api.Tests.Integration", "tests\ProxyR.Api.Tests.Integration\ProxyR.Api.Tests.Integration.csproj", "{086CEE57-4FA7-4590-9327-44AD1D64F1E6}"
EndProject
Project("{FAE04EC0-301F-11D3-BF4B-00C04F79EFBC}") = "ProxyR.Abstractions.Tests", "ProxyR.Abstractions.Tests\ProxyR.Abstractions.Tests.csproj", "{3B40AEAD-CC7B-49E1-9028-EE78500848DC}"
EndProject
Global
	GlobalSection(SolutionConfigurationPlatforms) = preSolution
		Debug|Any CPU = Debug|Any CPU
		Release|Any CPU = Release|Any CPU
	EndGlobalSection
	GlobalSection(ProjectConfigurationPlatforms) = postSolution
		{9A6B67E2-2B73-4C39-BDE2-79D6074A41DC}.Debug|Any CPU.ActiveCfg = Debug|Any CPU
		{9A6B67E2-2B73-4C39-BDE2-79D6074A41DC}.Debug|Any CPU.Build.0 = Debug|Any CPU
		{9A6B67E2-2B73-4C39-BDE2-79D6074A41DC}.Release|Any CPU.ActiveCfg = Release|Any CPU
		{9A6B67E2-2B73-4C39-BDE2-79D6074A41DC}.Release|Any CPU.Build.0 = Release|Any CPU
		{8C887FFB-4789-4F71-A454-654FDF20E350}.Debug|Any CPU.ActiveCfg = Debug|Any CPU
		{8C887FFB-4789-4F71-A454-654FDF20E350}.Debug|Any CPU.Build.0 = Debug|Any CPU
		{8C887FFB-4789-4F71-A454-654FDF20E350}.Release|Any CPU.ActiveCfg = Release|Any CPU
		{8C887FFB-4789-4F71-A454-654FDF20E350}.Release|Any CPU.Build.0 = Release|Any CPU
		{D9FB167C-D2CF-495D-8B04-C626A3DD5F4D}.Debug|Any CPU.ActiveCfg = Debug|Any CPU
		{D9FB167C-D2CF-495D-8B04-C626A3DD5F4D}.Debug|Any CPU.Build.0 = Debug|Any CPU
		{D9FB167C-D2CF-495D-8B04-C626A3DD5F4D}.Release|Any CPU.ActiveCfg = Release|Any CPU
		{D9FB167C-D2CF-495D-8B04-C626A3DD5F4D}.Release|Any CPU.Build.0 = Release|Any CPU
		{45C73CB3-9023-4B60-A2D8-B60877B12FAC}.Debug|Any CPU.ActiveCfg = Debug|Any CPU
		{45C73CB3-9023-4B60-A2D8-B60877B12FAC}.Debug|Any CPU.Build.0 = Debug|Any CPU
		{45C73CB3-9023-4B60-A2D8-B60877B12FAC}.Release|Any CPU.ActiveCfg = Release|Any CPU
		{45C73CB3-9023-4B60-A2D8-B60877B12FAC}.Release|Any CPU.Build.0 = Release|Any CPU
		{FA0ECA44-461F-4125-8594-53CA1E523B8C}.Debug|Any CPU.ActiveCfg = Debug|Any CPU
		{FA0ECA44-461F-4125-8594-53CA1E523B8C}.Debug|Any CPU.Build.0 = Debug|Any CPU
		{FA0ECA44-461F-4125-8594-53CA1E523B8C}.Release|Any CPU.ActiveCfg = Release|Any CPU
		{FA0ECA44-461F-4125-8594-53CA1E523B8C}.Release|Any CPU.Build.0 = Release|Any CPU
		{3210E88B-7BCA-4DF8-A4D4-5CA015C9C13D}.Debug|Any CPU.ActiveCfg = Debug|Any CPU
		{3210E88B-7BCA-4DF8-A4D4-5CA015C9C13D}.Debug|Any CPU.Build.0 = Debug|Any CPU
		{3210E88B-7BCA-4DF8-A4D4-5CA015C9C13D}.Release|Any CPU.ActiveCfg = Release|Any CPU
		{3210E88B-7BCA-4DF8-A4D4-5CA015C9C13D}.Release|Any CPU.Build.0 = Release|Any CPU
		{A36F3634-335C-42EC-A923-D6186058C4EC}.Debug|Any CPU.ActiveCfg = Debug|Any CPU
		{A36F3634-335C-42EC-A923-D6186058C4EC}.Debug|Any CPU.Build.0 = Debug|Any CPU
		{A36F3634-335C-42EC-A923-D6186058C4EC}.Release|Any CPU.ActiveCfg = Release|Any CPU
		{A36F3634-335C-42EC-A923-D6186058C4EC}.Release|Any CPU.Build.0 = Release|Any CPU
		{57087519-8691-4F19-A2BC-40FB6443F608}.Debug|Any CPU.ActiveCfg = Debug|Any CPU
		{57087519-8691-4F19-A2BC-40FB6443F608}.Debug|Any CPU.Build.0 = Debug|Any CPU
		{57087519-8691-4F19-A2BC-40FB6443F608}.Release|Any CPU.ActiveCfg = Release|Any CPU
		{57087519-8691-4F19-A2BC-40FB6443F608}.Release|Any CPU.Build.0 = Release|Any CPU
		{086CEE57-4FA7-4590-9327-44AD1D64F1E6}.Debug|Any CPU.ActiveCfg = Debug|Any CPU
		{086CEE57-4FA7-4590-9327-44AD1D64F1E6}.Debug|Any CPU.Build.0 = Debug|Any CPU
		{086CEE57-4FA7-4590-9327-44AD1D64F1E6}.Release|Any CPU.ActiveCfg = Release|Any CPU
		{086CEE57-4FA7-4590-9327-44AD1D64F1E6}.Release|Any CPU.Build.0 = Release|Any CPU
		{3B40AEAD-CC7B-49E1-9028-EE78500848DC}.Debug|Any CPU.ActiveCfg = Debug|Any CPU
		{3B40AEAD-CC7B-49E1-9028-EE78500848DC}.Debug|Any CPU.Build.0 = Debug|Any CPU
		{3B40AEAD-CC7B-49E1-9028-EE78500848DC}.Release|Any CPU.ActiveCfg = Release|Any CPU
		{3B40AEAD-CC7B-49E1-9028-EE78500848DC}.Release|Any CPU.Build.0 = Release|Any CPU
	EndGlobalSection
	GlobalSection(SolutionProperties) = preSolution
		HideSolutionNode = FALSE
	EndGlobalSection
	GlobalSection(NestedProjects) = preSolution
		{9A6B67E2-2B73-4C39-BDE2-79D6074A41DC} = {82BE4DFA-989C-4B1D-AACD-6E6F725C2760}
		{8C887FFB-4789-4F71-A454-654FDF20E350} = {82BE4DFA-989C-4B1D-AACD-6E6F725C2760}
		{D9FB167C-D2CF-495D-8B04-C626A3DD5F4D} = {82BE4DFA-989C-4B1D-AACD-6E6F725C2760}
		{45C73CB3-9023-4B60-A2D8-B60877B12FAC} = {65565833-53A7-4D07-9B9B-D0417A2BC396}
		{FA0ECA44-461F-4125-8594-53CA1E523B8C} = {65565833-53A7-4D07-9B9B-D0417A2BC396}
		{3210E88B-7BCA-4DF8-A4D4-5CA015C9C13D} = {82BE4DFA-989C-4B1D-AACD-6E6F725C2760}
		{A36F3634-335C-42EC-A923-D6186058C4EC} = {65565833-53A7-4D07-9B9B-D0417A2BC396}
		{57087519-8691-4F19-A2BC-40FB6443F608} = {65565833-53A7-4D07-9B9B-D0417A2BC396}
		{086CEE57-4FA7-4590-9327-44AD1D64F1E6} = {65565833-53A7-4D07-9B9B-D0417A2BC396}
		{3B40AEAD-CC7B-49E1-9028-EE78500848DC} = {65565833-53A7-4D07-9B9B-D0417A2BC396}
	EndGlobalSection
	GlobalSection(ExtensibilityGlobals) = postSolution
		SolutionGuid = {46095EA3-5FE7-4D66-9499-F63D42E8970B}
	EndGlobalSection
EndGlobal
